
Microsoft Visual Studio Solution File, Format Version 12.00
Project("{FAE04EC0-301F-11D3-BF4B-00C04F79EFBC}") = "CreatureManagerModTemplate", "CreatureManagerModTemplate.csproj", "{29D394C1-8423-4048-B5A7-08ABE81DBA99}"
EndProject
Global
	GlobalSection(SolutionConfigurationPlatforms) = preSolution
		Debug|Any CPU = Debug|Any CPU
		Release|Any CPU = Release|Any CPU
	EndGlobalSection
	GlobalSection(ProjectConfigurationPlatforms) = postSolution
		{29D394C1-8423-4048-B5A7-08ABE81DBA99}.Debug|Any CPU.ActiveCfg = Debug|Any CPU
		{29D394C1-8423-4048-B5A7-08ABE81DBA99}.Debug|Any CPU.Build.0 = Debug|Any CPU
		{29D394C1-8423-4048-B5A7-08ABE81DBA99}.Release|Any CPU.ActiveCfg = Release|Any CPU
		{29D394C1-8423-4048-B5A7-08ABE81DBA99}.Release|Any CPU.Build.0 = Release|Any CPU
	EndGlobalSection
EndGlobal
